
Microsoft Visual Studio Solution File, Format Version 12.00
# Visual Studio Version 16
VisualStudioVersion = 16.0.31005.135
MinimumVisualStudioVersion = 10.0.40219.1
Project("{F2A71F9B-5D33-465A-A702-920D77279786}") = "Project2", "Project2\Project2.fsproj", "{B15D2A49-3F5A-493D-9495-DF2269459FEC}"
EndProject
Global
	GlobalSection(SolutionConfigurationPlatforms) = preSolution
		Debug|Any CPU = Debug|Any CPU
		Release|Any CPU = Release|Any CPU
	EndGlobalSection
	GlobalSection(ProjectConfigurationPlatforms) = postSolution
		{B15D2A49-3F5A-493D-9495-DF2269459FEC}.Debug|Any CPU.ActiveCfg = Debug|Any CPU
		{B15D2A49-3F5A-493D-9495-DF2269459FEC}.Debug|Any CPU.Build.0 = Debug|Any CPU
		{B15D2A49-3F5A-493D-9495-DF2269459FEC}.Release|Any CPU.ActiveCfg = Release|Any CPU
		{B15D2A49-3F5A-493D-9495-DF2269459FEC}.Release|Any CPU.Build.0 = Release|Any CPU
	EndGlobalSection
	GlobalSection(SolutionProperties) = preSolution
		HideSolutionNode = FALSE
	EndGlobalSection
	GlobalSection(ExtensibilityGlobals) = postSolution
		SolutionGuid = {7F775C28-9E63-4332-8034-EFEF88B3B487}
	EndGlobalSection
EndGlobal
