
Microsoft Visual Studio Solution File, Format Version 12.00
# Visual Studio Version 16
VisualStudioVersion = 16.0.31005.135
MinimumVisualStudioVersion = 10.0.40219.1
Project("{9A19103F-16F7-4668-BE54-9A1E7A4F7556}") = "Homework 5", "Homework 5\Homework 5.csproj", "{FC11F6B9-AFD6-477D-8FF5-27C26BDFC6BE}"
EndProject
Project("{6EC3EE1D-3C4E-46DD-8F32-0CC8E7565705}") = "HW5P2Lib", "..\..\..\..\..\source\repos\HW5P2Lib\HW5P2Lib\HW5P2Lib.fsproj", "{E6276A77-309C-482D-B428-B434E36927F3}"
EndProject
Global
	GlobalSection(SolutionConfigurationPlatforms) = preSolution
		Debug|Any CPU = Debug|Any CPU
		Release|Any CPU = Release|Any CPU
	EndGlobalSection
	GlobalSection(ProjectConfigurationPlatforms) = postSolution
		{FC11F6B9-AFD6-477D-8FF5-27C26BDFC6BE}.Debug|Any CPU.ActiveCfg = Debug|Any CPU
		{FC11F6B9-AFD6-477D-8FF5-27C26BDFC6BE}.Debug|Any CPU.Build.0 = Debug|Any CPU
		{FC11F6B9-AFD6-477D-8FF5-27C26BDFC6BE}.Release|Any CPU.ActiveCfg = Release|Any CPU
		{FC11F6B9-AFD6-477D-8FF5-27C26BDFC6BE}.Release|Any CPU.Build.0 = Release|Any CPU
		{E6276A77-309C-482D-B428-B434E36927F3}.Debug|Any CPU.ActiveCfg = Debug|Any CPU
		{E6276A77-309C-482D-B428-B434E36927F3}.Debug|Any CPU.Build.0 = Debug|Any CPU
		{E6276A77-309C-482D-B428-B434E36927F3}.Release|Any CPU.ActiveCfg = Release|Any CPU
		{E6276A77-309C-482D-B428-B434E36927F3}.Release|Any CPU.Build.0 = Release|Any CPU
	EndGlobalSection
	GlobalSection(SolutionProperties) = preSolution
		HideSolutionNode = FALSE
	EndGlobalSection
	GlobalSection(ExtensibilityGlobals) = postSolution
		SolutionGuid = {CBC47099-A93B-4406-8C11-66579D3DDD69}
	EndGlobalSection
EndGlobal
